
Microsoft Visual Studio Solution File, Format Version 12.00
# Visual Studio Version 17
VisualStudioVersion = 17.0.32014.148
MinimumVisualStudioVersion = 10.0.40219.1
Project("{FAE04EC0-301F-11D3-BF4B-00C04F79EFBC}") = "Operators", "Operators\Operators.csproj", "{F2FE6D17-1111-49A3-89FA-41EF704B61C7}"
EndProject
Global
	GlobalSection(SolutionConfigurationPlatforms) = preSolution
		Debug|Any CPU = Debug|Any CPU
		Release|Any CPU = Release|Any CPU
	EndGlobalSection
	GlobalSection(ProjectConfigurationPlatforms) = postSolution
		{F2FE6D17-1111-49A3-89FA-41EF704B61C7}.Debug|Any CPU.ActiveCfg = Debug|Any CPU
		{F2FE6D17-1111-49A3-89FA-41EF704B61C7}.Debug|Any CPU.Build.0 = Debug|Any CPU
		{F2FE6D17-1111-49A3-89FA-41EF704B61C7}.Release|Any CPU.ActiveCfg = Release|Any CPU
		{F2FE6D17-1111-49A3-89FA-41EF704B61C7}.Release|Any CPU.Build.0 = Release|Any CPU
	EndGlobalSection
	GlobalSection(SolutionProperties) = preSolution
		HideSolutionNode = FALSE
	EndGlobalSection
	GlobalSection(ExtensibilityGlobals) = postSolution
		SolutionGuid = {1F5BDE4E-3E11-4D51-B1CF-5DC4127916B7}
	EndGlobalSection
EndGlobal
